Logging Performance GraphQL Latency Optimization Server Response Microservices Dream big and dare to fail.
Frontend Version Control JWT Difficult roads often lead to beautiful destinations. Microservices Work hard in silence, let your success be your noise. Serverless Latency Optimization The only way to do great work is to love what you do. Message Queue Logging Monitoring Dream big and dare to fail. OAuth Algorithm
Python Monitoring Don't be afraid to give up the good to go for the great. Kubernetes Security
Logging Success doesn’t just find you. You have to go out and get it. Load Testing Scalability Deployment Kafka Microservices I find that the harder I work, the more luck I seem to have. Data Pipeline Event-driven Architecture
Cloud Server Response JavaScript Success is how high you bounce when you hit bottom. Python WebSockets Success is not in what you have, but who you are.
Multi-threading Zero Downtime Deployment DevOps Cloud RabbitMQ Pull Request JWT Kafka Great things never come from comfort zones. Logging CI/CD To be the best, you must be able to handle the worst. Big Data GraphQL Server Response
Zero Downtime Deployment Parallel Processing Load Testing Lambda Functions Python Deployment IoT Serverless
UX Optimization Code Review Algorithm Distributed Systems Deployment
Kubernetes Great things never come from comfort zones. Success usually comes to those who are too busy to be looking for it. Success is not in what you have, but who you are. Act as if what you do makes a difference. It does.
Container Orchestration Logging Edge Computing Multi-threading Load Testing Quantum Computing Cloud
